
Microsoft Visual Studio Solution File, Format Version 12.00
# Visual Studio Version 16
VisualStudioVersion = 16.0.29613.14
MinimumVisualStudioVersion = 10.0.40219.1
Project("{9A19103F-16F7-4668-BE54-9A1E7A4F7556}") = "TicketSalesWebApp", "TicketSalesWebApp.csproj", "{DD1545F7-0D09-4C4A-A316-97267C31BD23}"
EndProject
Global
	GlobalSection(SolutionConfigurationPlatforms) = preSolution
		Debug|Any CPU = Debug|Any CPU
		Release|Any CPU = Release|Any CPU
	EndGlobalSection
	GlobalSection(ProjectConfigurationPlatforms) = postSolution
		{DD1545F7-0D09-4C4A-A316-97267C31BD23}.Debug|Any CPU.ActiveCfg = Debug|Any CPU
		{DD1545F7-0D09-4C4A-A316-97267C31BD23}.Debug|Any CPU.Build.0 = Debug|Any CPU
		{DD1545F7-0D09-4C4A-A316-97267C31BD23}.Release|Any CPU.ActiveCfg = Release|Any CPU
		{DD1545F7-0D09-4C4A-A316-97267C31BD23}.Release|Any CPU.Build.0 = Release|Any CPU
	EndGlobalSection
	GlobalSection(SolutionProperties) = preSolution
		HideSolutionNode = FALSE
	EndGlobalSection
	GlobalSection(ExtensibilityGlobals) = postSolution
		SolutionGuid = {7D402CC5-2FDE-4ECF-8D05-57248BC649B4}
	EndGlobalSection
EndGlobal
